<Solution>
  <Folder Name="/src/">
    <Project Path="src/SuperFood.Api/SuperFood.Api.csproj" />
    <Project Path="src/SuperFood.Client.Modules.Catalog/SuperFood.Client.Modules.Catalog.csproj" />
    <Project Path="src/SuperFood.Client.Modules.Menu/SuperFood.Client.Modules.Menu.csproj" />
    <Project Path="src/SuperFood.Client.Modules.Orders/SuperFood.Client.Modules.Orders.csproj" />
    <Project Path="src/SuperFood.Client.Modules.Restaurants/SuperFood.Client.Modules.Restaurants.csproj" />
    <Project Path="src/SuperFood.Client.Modules.Tables/SuperFood.Client.Modules.Tables.csproj" />
    <Project Path="src/SuperFood.Client.Modules.Users/SuperFood.Client.Modules.Users.csproj" />
    <Project Path="src/SuperFood.Client.Shared/SuperFood.Client.Shared.csproj" />
    <Project Path="src/SuperFood.Client/SuperFood.Client.csproj" />
    <Project Path="src/SuperFood.Contracts/SuperFood.Contracts.csproj" />
    <Project Path="src/SuperFood.Domain/SuperFood.Domain.csproj" />
    <Project Path="src/SuperFood.Infrastructure/SuperFood.Infrastructure.csproj" />
  </Folder>
  <Folder Name="/tests/">
    <Project Path="tests/SuperFood.IntegrationTests/SuperFood.IntegrationTests.csproj" />
    <Project Path="tests/SuperFood.UnitTests/SuperFood.UnitTests.csproj" />
  </Folder>
</Solution>
